PODS:
  - ios-voice-processor (1.0.3)

DEPENDENCIES:
  - ios-voice-processor (from `../`)

EXTERNAL SOURCES:
  ios-voice-processor:
    :path: "../"

SPEC CHECKSUMS:
  ios-voice-processor: 65b25a8db69ea25ffba0eeef37bae71a982f34cc

PODFILE CHECKSUM: befabb92940e6fc9f76174d29f6ccad4b1fab725

COCOAPODS: 1.10.2
