PODS:
  - ios-voice-processor (1.1.2)

DEPENDENCIES:
  - ios-voice-processor (from `../`)

EXTERNAL SOURCES:
  ios-voice-processor:
    :path: "../"

SPEC CHECKSUMS:
  ios-voice-processor: 00bf226d172c7006f565d6b6dbf2dc5e5b76938b

PODFILE CHECKSUM: f3172c9d85af56bf5f3c29596f2387f5961c52b6

COCOAPODS: 1.11.3
