PODS:
  - ios-voice-processor (1.0.2)

DEPENDENCIES:
  - ios-voice-processor (from `../`)

EXTERNAL SOURCES:
  ios-voice-processor:
    :path: "../"

SPEC CHECKSUMS:
  ios-voice-processor: 59e7f750874f23961dcf57a83fef0d06248ab8aa

PODFILE CHECKSUM: befabb92940e6fc9f76174d29f6ccad4b1fab725

COCOAPODS: 1.10.2
