PODS:
  - ios-voice-processor (1.1.1)

DEPENDENCIES:
  - ios-voice-processor (from `../`)

EXTERNAL SOURCES:
  ios-voice-processor:
    :path: "../"

SPEC CHECKSUMS:
  ios-voice-processor: 4035132542c7ae07f1e459c6d276b6da000302bb

PODFILE CHECKSUM: f3172c9d85af56bf5f3c29596f2387f5961c52b6

COCOAPODS: 1.11.3
